
Microsoft Visual Studio Solution File, Format Version 12.00
# Visual Studio Version 16
VisualStudioVersion = 16.0.30804.86
MinimumVisualStudioVersion = 10.0.40219.1
Project("{9A19103F-16F7-4668-BE54-9A1E7A4F7556}") = "InvoiceApp", "InvoiceApp\InvoiceApp.csproj", "{B5571D63-0CA6-4218-AAE2-D8C2FCEB67FF}"
EndProject
Project("{FAE04EC0-301F-11D3-BF4B-00C04F79EFBC}") = "InvoiceApp.UnitTests", "InvoiceApp.UnitTests\InvoiceApp.UnitTests.csproj", "{D1F5A1FB-AB72-479A-B02E-3062E9F9F1E0}"
EndProject
Global
	GlobalSection(SolutionConfigurationPlatforms) = preSolution
		Debug|Any CPU = Debug|Any CPU
		Release|Any CPU = Release|Any CPU
	EndGlobalSection
	GlobalSection(ProjectConfigurationPlatforms) = postSolution
		{B5571D63-0CA6-4218-AAE2-D8C2FCEB67FF}.Debug|Any CPU.ActiveCfg = Debug|Any CPU
		{B5571D63-0CA6-4218-AAE2-D8C2FCEB67FF}.Debug|Any CPU.Build.0 = Debug|Any CPU
		{B5571D63-0CA6-4218-AAE2-D8C2FCEB67FF}.Release|Any CPU.ActiveCfg = Release|Any CPU
		{B5571D63-0CA6-4218-AAE2-D8C2FCEB67FF}.Release|Any CPU.Build.0 = Release|Any CPU
		{D1F5A1FB-AB72-479A-B02E-3062E9F9F1E0}.Debug|Any CPU.ActiveCfg = Debug|Any CPU
		{D1F5A1FB-AB72-479A-B02E-3062E9F9F1E0}.Debug|Any CPU.Build.0 = Debug|Any CPU
		{D1F5A1FB-AB72-479A-B02E-3062E9F9F1E0}.Release|Any CPU.ActiveCfg = Release|Any CPU
		{D1F5A1FB-AB72-479A-B02E-3062E9F9F1E0}.Release|Any CPU.Build.0 = Release|Any CPU
	EndGlobalSection
	GlobalSection(SolutionProperties) = preSolution
		HideSolutionNode = FALSE
	EndGlobalSection
	GlobalSection(ExtensibilityGlobals) = postSolution
		SolutionGuid = {ED19A8AA-7695-44B8-B89D-F0347E1D918E}
	EndGlobalSection
EndGlobal
